
Microsoft Visual Studio Solution File, Format Version 12.00
# Visual Studio 2012
Project("{FAE04EC0-301F-11D3-BF4B-00C04F79EFBC}") = "WindowsFormsApplication1", "WindowsFormsApplication1.csproj", "{44319330-D3C4-45C2-8BE6-1A0470654CFC}"
EndProject
Global
	GlobalSection(SolutionConfigurationPlatforms) = preSolution
		Debug|Any CPU = Debug|Any CPU
		Release|Any CPU = Release|Any CPU
	EndGlobalSection
	GlobalSection(ProjectConfigurationPlatforms) = postSolution
		{44319330-D3C4-45C2-8BE6-1A0470654CFC}.Debug|Any CPU.ActiveCfg = Debug|Any CPU
		{44319330-D3C4-45C2-8BE6-1A0470654CFC}.Debug|Any CPU.Build.0 = Debug|Any CPU
		{44319330-D3C4-45C2-8BE6-1A0470654CFC}.Release|Any CPU.ActiveCfg = Release|Any CPU
		{44319330-D3C4-45C2-8BE6-1A0470654CFC}.Release|Any CPU.Build.0 = Release|Any CPU
	EndGlobalSection
	GlobalSection(SolutionProperties) = preSolution
		HideSolutionNode = FALSE
	EndGlobalSection
EndGlobal
